PODS:
  - Flutter (1.0.0)
  - g_orientation_lock (0.0.1):
    - Flutter

DEPENDENCIES:
  - Flutter (from `Flutter`)
  - g_orientation_lock (from `.symlinks/plugins/g_orientation_lock/ios`)

EXTERNAL SOURCES:
  Flutter:
    :path: Flutter
  g_orientation_lock:
    :path: ".symlinks/plugins/g_orientation_lock/ios"

SPEC CHECKSUMS:
  Flutter: 71a624a5bc0c04062bf19101d501e466baf2fb47
  g_orientation_lock: a7377d59c3084ac7d4c7f98c47c91fcd8dc5dce4

PODFILE CHECKSUM: 57c8aed26fba39d3ec9424816221f294a07c58eb

COCOAPODS: 1.16.2
